
Microsoft Visual Studio Solution File, Format Version 12.00
# Visual Studio Version 17
VisualStudioVersion = 17.0.32014.148
MinimumVisualStudioVersion = 10.0.40219.1
Project("{9A19103F-16F7-4668-BE54-9A1E7A4F7556}") = "ScriptNotepad", "ScriptNotepad\ScriptNotepad.csproj", "{6B770702-6E99-439C-9679-61D048B3B876}"
EndProject
Project("{9A19103F-16F7-4668-BE54-9A1E7A4F7556}") = "PluginTemplate", "PluginTemplate\PluginTemplate.csproj", "{D68A1D7B-390D-4F3C-B38F-3C76FB0752E1}"
EndProject
Project("{9A19103F-16F7-4668-BE54-9A1E7A4F7556}") = "InstallerBaseWixSharp", "InstallerBaseWixSharp\InstallerBaseWixSharp.csproj", "{C9A243E5-6443-4A00-ACAC-C20A61286264}"
EndProject
Project("{9A19103F-16F7-4668-BE54-9A1E7A4F7556}") = "ScriptNotepadOldDatabaseEntity", "ScriptNotepadOldDatabaseEntity\ScriptNotepadOldDatabaseEntity.csproj", "{6AD59D54-54FE-4C35-91A9-8163EDFEDE60}"
EndProject
Project("{9A19103F-16F7-4668-BE54-9A1E7A4F7556}") = "CustomControls", "CustomControls\CustomControls.csproj", "{5C5CA06C-DA2B-462C-AD3B-CF7D95FBBCD4}"
EndProject
Project("{2150E333-8FDC-42A3-9474-1A3956D46DE8}") = "Solution Items", "Solution Items", "{C9713CAD-7500-4D12-84E4-07C588E71B86}"
	ProjectSection(SolutionItems) = preProject
		.github\workflows\dotnet-desktop-installer.yml = .github\workflows\dotnet-desktop-installer.yml
		.github\workflows\dotnet-desktop.yml = .github\workflows\dotnet-desktop.yml
	EndProjectSection
EndProject
Global
	GlobalSection(SolutionConfigurationPlatforms) = preSolution
		Debug|Any CPU = Debug|Any CPU
		Release|Any CPU = Release|Any CPU
	EndGlobalSection
	GlobalSection(ProjectConfigurationPlatforms) = postSolution
		{6B770702-6E99-439C-9679-61D048B3B876}.Debug|Any CPU.ActiveCfg = Debug|Any CPU
		{6B770702-6E99-439C-9679-61D048B3B876}.Debug|Any CPU.Build.0 = Debug|Any CPU
		{6B770702-6E99-439C-9679-61D048B3B876}.Release|Any CPU.ActiveCfg = Release|Any CPU
		{6B770702-6E99-439C-9679-61D048B3B876}.Release|Any CPU.Build.0 = Release|Any CPU
		{D68A1D7B-390D-4F3C-B38F-3C76FB0752E1}.Debug|Any CPU.ActiveCfg = Debug|Any CPU
		{D68A1D7B-390D-4F3C-B38F-3C76FB0752E1}.Debug|Any CPU.Build.0 = Debug|Any CPU
		{D68A1D7B-390D-4F3C-B38F-3C76FB0752E1}.Release|Any CPU.ActiveCfg = Release|Any CPU
		{D68A1D7B-390D-4F3C-B38F-3C76FB0752E1}.Release|Any CPU.Build.0 = Release|Any CPU
		{C9A243E5-6443-4A00-ACAC-C20A61286264}.Debug|Any CPU.ActiveCfg = Debug|Any CPU
		{C9A243E5-6443-4A00-ACAC-C20A61286264}.Debug|Any CPU.Build.0 = Debug|Any CPU
		{C9A243E5-6443-4A00-ACAC-C20A61286264}.Release|Any CPU.ActiveCfg = Release|Any CPU
		{C9A243E5-6443-4A00-ACAC-C20A61286264}.Release|Any CPU.Build.0 = Release|Any CPU
		{6AD59D54-54FE-4C35-91A9-8163EDFEDE60}.Debug|Any CPU.ActiveCfg = Debug|Any CPU
		{6AD59D54-54FE-4C35-91A9-8163EDFEDE60}.Debug|Any CPU.Build.0 = Debug|Any CPU
		{6AD59D54-54FE-4C35-91A9-8163EDFEDE60}.Release|Any CPU.ActiveCfg = Release|Any CPU
		{6AD59D54-54FE-4C35-91A9-8163EDFEDE60}.Release|Any CPU.Build.0 = Release|Any CPU
		{5C5CA06C-DA2B-462C-AD3B-CF7D95FBBCD4}.Debug|Any CPU.ActiveCfg = Debug|Any CPU
		{5C5CA06C-DA2B-462C-AD3B-CF7D95FBBCD4}.Debug|Any CPU.Build.0 = Debug|Any CPU
		{5C5CA06C-DA2B-462C-AD3B-CF7D95FBBCD4}.Release|Any CPU.ActiveCfg = Release|Any CPU
		{5C5CA06C-DA2B-462C-AD3B-CF7D95FBBCD4}.Release|Any CPU.Build.0 = Release|Any CPU
	EndGlobalSection
	GlobalSection(SolutionProperties) = preSolution
		HideSolutionNode = FALSE
	EndGlobalSection
	GlobalSection(ExtensibilityGlobals) = postSolution
		SolutionGuid = {CDAC8D58-1FC3-427F-B0FC-348BC2EA7717}
	EndGlobalSection
EndGlobal
