
Microsoft Visual Studio Solution File, Format Version 12.00
# Visual Studio Version 16
VisualStudioVersion = 16.0.29519.87
MinimumVisualStudioVersion = 10.0.40219.1
Project("{FAE04EC0-301F-11D3-BF4B-00C04F79EFBC}") = "ScriptNotepad", "ScriptNotepad\ScriptNotepad.csproj", "{6B770702-6E99-439C-9679-61D048B3B876}"
EndProject
Project("{FAE04EC0-301F-11D3-BF4B-00C04F79EFBC}") = "PluginTemplate", "PluginTemplate\PluginTemplate.csproj", "{D68A1D7B-390D-4F3C-B38F-3C76FB0752E1}"
EndProject
Project("{FAE04EC0-301F-11D3-BF4B-00C04F79EFBC}") = "ScriptNotepadOldDatabase", "ScriptNotepadOldDatabase\ScriptNotepadOldDatabase.csproj", "{FFC49136-29EC-41E0-B364-4995F9422A1D}"
EndProject
Global
	GlobalSection(SolutionConfigurationPlatforms) = preSolution
		Debug|Any CPU = Debug|Any CPU
		Release|Any CPU = Release|Any CPU
	EndGlobalSection
	GlobalSection(ProjectConfigurationPlatforms) = postSolution
		{6B770702-6E99-439C-9679-61D048B3B876}.Debug|Any CPU.ActiveCfg = Debug|Any CPU
		{6B770702-6E99-439C-9679-61D048B3B876}.Debug|Any CPU.Build.0 = Debug|Any CPU
		{6B770702-6E99-439C-9679-61D048B3B876}.Release|Any CPU.ActiveCfg = Release|Any CPU
		{6B770702-6E99-439C-9679-61D048B3B876}.Release|Any CPU.Build.0 = Release|Any CPU
		{D68A1D7B-390D-4F3C-B38F-3C76FB0752E1}.Debug|Any CPU.ActiveCfg = Debug|Any CPU
		{D68A1D7B-390D-4F3C-B38F-3C76FB0752E1}.Debug|Any CPU.Build.0 = Debug|Any CPU
		{D68A1D7B-390D-4F3C-B38F-3C76FB0752E1}.Release|Any CPU.ActiveCfg = Release|Any CPU
		{D68A1D7B-390D-4F3C-B38F-3C76FB0752E1}.Release|Any CPU.Build.0 = Release|Any CPU
		{FFC49136-29EC-41E0-B364-4995F9422A1D}.Debug|Any CPU.ActiveCfg = Debug|Any CPU
		{FFC49136-29EC-41E0-B364-4995F9422A1D}.Debug|Any CPU.Build.0 = Debug|Any CPU
		{FFC49136-29EC-41E0-B364-4995F9422A1D}.Release|Any CPU.ActiveCfg = Release|Any CPU
		{FFC49136-29EC-41E0-B364-4995F9422A1D}.Release|Any CPU.Build.0 = Release|Any CPU
	EndGlobalSection
	GlobalSection(SolutionProperties) = preSolution
		HideSolutionNode = FALSE
	EndGlobalSection
	GlobalSection(ExtensibilityGlobals) = postSolution
		SolutionGuid = {CDAC8D58-1FC3-427F-B0FC-348BC2EA7717}
	EndGlobalSection
EndGlobal
